Microsoft Visual Studio Solution File, Format Version 11.00
# Visual Studio 2008

Project("{EA80919D-A4AD-345F-5730-732679D64FA5}") = "Outsider", "Assembly-CSharp-firstpass-vs.csproj", "{F207020E-5F7A-1671-F37E-66EF0804E858}"
EndProject
Project("{EA80919D-A4AD-345F-5730-732679D64FA5}") = "Outsider", "Assembly-CSharp-vs.csproj", "{9EC54A3B-61B8-FF4C-B44B-B538A226163D}"
EndProject
Project("{EA80919D-A4AD-345F-5730-732679D64FA5}") = "Outsider", "Assembly-CSharp-Editor-vs.csproj", "{CC9E300B-27F6-CA23-787C-6F4BB877CAE4}"
EndProject
Global
	GlobalSection(SolutionConfigurationPlatforms) = preSolution
		Debug|Any CPU = Debug|Any CPU
		Release|Any CPU = Release|Any CPU
	EndGlobalSection
	GlobalSection(ProjectConfigurationPlatforms) = postSolution
		{F207020E-5F7A-1671-F37E-66EF0804E858}.Debug|Any CPU.ActiveCfg = Debug|Any CPU
		{F207020E-5F7A-1671-F37E-66EF0804E858}.Debug|Any CPU.Build.0 = Debug|Any CPU
		{F207020E-5F7A-1671-F37E-66EF0804E858}.Release|Any CPU.ActiveCfg = Release|Any CPU
		{F207020E-5F7A-1671-F37E-66EF0804E858}.Release|Any CPU.Build.0 = Release|Any CPU
		{9EC54A3B-61B8-FF4C-B44B-B538A226163D}.Debug|Any CPU.ActiveCfg = Debug|Any CPU
		{9EC54A3B-61B8-FF4C-B44B-B538A226163D}.Debug|Any CPU.Build.0 = Debug|Any CPU
		{9EC54A3B-61B8-FF4C-B44B-B538A226163D}.Release|Any CPU.ActiveCfg = Release|Any CPU
		{9EC54A3B-61B8-FF4C-B44B-B538A226163D}.Release|Any CPU.Build.0 = Release|Any CPU
		{CC9E300B-27F6-CA23-787C-6F4BB877CAE4}.Debug|Any CPU.ActiveCfg = Debug|Any CPU
		{CC9E300B-27F6-CA23-787C-6F4BB877CAE4}.Debug|Any CPU.Build.0 = Debug|Any CPU
		{CC9E300B-27F6-CA23-787C-6F4BB877CAE4}.Release|Any CPU.ActiveCfg = Release|Any CPU
		{CC9E300B-27F6-CA23-787C-6F4BB877CAE4}.Release|Any CPU.Build.0 = Release|Any CPU
	EndGlobalSection
	GlobalSection(SolutionProperties) = preSolution
		HideSolutionNode = FALSE
	EndGlobalSection
																	GlobalSection(MonoDevelopProperties) = preSolution
		StartupItem = Assembly-CSharp.csproj
		Policies = $0
		$0.TextStylePolicy = $1
		$1.inheritsSet = null
		$1.scope = text/x-csharp
		$0.CSharpFormattingPolicy = $2
		$2.inheritsSet = Mono
		$2.inheritsScope = text/x-csharp
		$2.scope = text/x-csharp
		$0.TextStylePolicy = $3
		$3.FileWidth = 120
		$3.TabWidth = 4
		$3.IndentWidth = 4
		$3.EolMarker = Unix
		$3.inheritsSet = Mono
		$3.inheritsScope = text/plain
		$3.scope = text/plain
	EndGlobalSection

EndGlobal
